// !$*UTF8*$!
{
	archiveVersion = 1;
	classes = {
	};
	objectVersion = 55;
	objects = {

/* Begin PBXBuildFile section */
		7145DC1B29E2E6C0000254D3 /* AppDelegate.swift in Sources */ = {isa = PBXBuildFile; fileRef = 7145DC1A29E2E6C0000254D3 /* AppDelegate.swift */; };
		7145DC1D29E2E6C0000254D3 /* SceneDelegate.swift in Sources */ = {isa = PBXBuildFile; fileRef = 7145DC1C29E2E6C0000254D3 /* SceneDelegate.swift */; };
		7145DC1F29E2E6C0000254D3 /* CalculatorViewController.swift in Sources */ = {isa = PBXBuildFile; fileRef = 7145DC1E29E2E6C0000254D3 /* CalculatorViewController.swift */; };
		7145DC2429E2E6C3000254D3 /* Assets.xcassets in Resources */ = {isa = PBXBuildFile; fileRef = 7145DC2329E2E6C3000254D3 /* Assets.xcassets */; };
		7145DC2729E2E6C3000254D3 /* LaunchScreen.storyboard in Resources */ = {isa = PBXBuildFile; fileRef = 7145DC2529E2E6C3000254D3 /* LaunchScreen.storyboard */; };
		7145DC3229E2E6C3000254D3 /* tip_calculatorTests.swift in Sources */ = {isa = PBXBuildFile; fileRef = 7145DC3129E2E6C3000254D3 /* tip_calculatorTests.swift */; };
		7145DC3C29E2E6C3000254D3 /* tip_calculatorUITests.swift in Sources */ = {isa = PBXBuildFile; fileRef = 7145DC3B29E2E6C3000254D3 /* tip_calculatorUITests.swift */; };
		7145DC3E29E2E6C3000254D3 /* tip_calculatorUITestsLaunchTests.swift in Sources */ = {isa = PBXBuildFile; fileRef = 7145DC3D29E2E6C3000254D3 /* tip_calculatorUITestsLaunchTests.swift */; };
		715B09D829E42D6000F6293E /* CalculatorViewModel.swift in Sources */ = {isa = PBXBuildFile; fileRef = 715B09D729E42D6000F6293E /* CalculatorViewModel.swift */; };
		715B09DA29E42E3B00F6293E /* Result.swift in Sources */ = {isa = PBXBuildFile; fileRef = 715B09D929E42E3B00F6293E /* Result.swift */; };
		71D8B48C29E353E4008D2E0F /* Tip.swift in Sources */ = {isa = PBXBuildFile; fileRef = 71D8B48B29E353E4008D2E0F /* Tip.swift */; };
		71F6EF8A29E2EF3500B4C15A /* CombineCocoa in Frameworks */ = {isa = PBXBuildFile; productRef = 71F6EF8929E2EF3500B4C15A /* CombineCocoa */; };
		71F6EF8D29E2EF4400B4C15A /* CombineCocoa in Frameworks */ = {isa = PBXBuildFile; productRef = 71F6EF8C29E2EF4400B4C15A /* CombineCocoa */; };
		71F6EF9029E2EF5D00B4C15A /* SnapshotTesting in Frameworks */ = {isa = PBXBuildFile; productRef = 71F6EF8F29E2EF5D00B4C15A /* SnapshotTesting */; };
		71F6EF9229E2EF6900B4C15A /* CombineCocoa in Frameworks */ = {isa = PBXBuildFile; productRef = 71F6EF9129E2EF6900B4C15A /* CombineCocoa */; };
		71F6EF9529E2EFDA00B4C15A /* ViewConfiguration.swift in Sources */ = {isa = PBXBuildFile; fileRef = 71F6EF9429E2EFDA00B4C15A /* ViewConfiguration.swift */; };
		71F6EF9829E2EFEF00B4C15A /* UIView+Constraints.swift in Sources */ = {isa = PBXBuildFile; fileRef = 71F6EF9729E2EFEF00B4C15A /* UIView+Constraints.swift */; };
		71F6EF9B29E2F0A200B4C15A /* LogoView.swift in Sources */ = {isa = PBXBuildFile; fileRef = 71F6EF9A29E2F0A200B4C15A /* LogoView.swift */; };
		71F6EF9D29E2F16B00B4C15A /* ResultView.swift in Sources */ = {isa = PBXBuildFile; fileRef = 71F6EF9C29E2F16B00B4C15A /* ResultView.swift */; };
		71F6EF9F29E2F18E00B4C15A /* BillInputView.swift in Sources */ = {isa = PBXBuildFile; fileRef = 71F6EF9E29E2F18E00B4C15A /* BillInputView.swift */; };
		71F6EFA129E2F1A300B4C15A /* TipInputView.swift in Sources */ = {isa = PBXBuildFile; fileRef = 71F6EFA029E2F1A300B4C15A /* TipInputView.swift */; };
		71F6EFA329E2F1BE00B4C15A /* SplitInputView.swift in Sources */ = {isa = PBXBuildFile; fileRef = 71F6EFA229E2F1BE00B4C15A /* SplitInputView.swift */; };
		71F6EFA629E2F7F000B4C15A /* ThemeColor.swift in Sources */ = {isa = PBXBuildFile; fileRef = 71F6EFA529E2F7F000B4C15A /* ThemeColor.swift */; };
		71F6EFA829E2F7F600B4C15A /* ThemeFont.swift in Sources */ = {isa = PBXBuildFile; fileRef = 71F6EFA729E2F7F600B4C15A /* ThemeFont.swift */; };
		71F6EFAA29E2F82600B4C15A /* UIColor+Extensions.swift in Sources */ = {isa = PBXBuildFile; fileRef = 71F6EFA929E2F82600B4C15A /* UIColor+Extensions.swift */; };
		71F6EFAF29E2FED900B4C15A /* LabelFactory.swift in Sources */ = {isa = PBXBuildFile; fileRef = 71F6EFAE29E2FED900B4C15A /* LabelFactory.swift */; };
		71F6EFB129E30D6B00B4C15A /* AmountView.swift in Sources */ = {isa = PBXBuildFile; fileRef = 71F6EFB029E30D6B00B4C15A /* AmountView.swift */; };
		71F6EFB329E3121400B4C15A /* UIView+Extensions.swift in Sources */ = {isa = PBXBuildFile; fileRef = 71F6EFB229E3121400B4C15A /* UIView+Extensions.swift */; };
		71F6EFB529E31D9500B4C15A /* HeaderView.swift in Sources */ = {isa = PBXBuildFile; fileRef = 71F6EFB429E31D9500B4C15A /* HeaderView.swift */; };
/* End PBXBuildFile section */

/* Begin PBXContainerItemProxy section */
		7145DC2E29E2E6C3000254D3 /* PBXContainerItemProxy */ = {
			isa = PBXContainerItemProxy;
			containerPortal = 7145DC0F29E2E6C0000254D3 /* Project object */;
			proxyType = 1;
			remoteGlobalIDString = 7145DC1629E2E6C0000254D3;
			remoteInfo = "tip-calculator";
		};
		7145DC3829E2E6C3000254D3 /* PBXContainerItemProxy */ = {
			isa = PBXContainerItemProxy;
			containerPortal = 7145DC0F29E2E6C0000254D3 /* Project object */;
			proxyType = 1;
			remoteGlobalIDString = 7145DC1629E2E6C0000254D3;
			remoteInfo = "tip-calculator";
		};
/* End PBXContainerItemProxy section */

/* Begin PBXFileReference section */
		7145DC1729E2E6C0000254D3 /* tip-calculator.app */ = {isa = PBXFileReference; explicitFileType = wrapper.application; includeInIndex = 0; path = "tip-calculator.app"; sourceTree = BUILT_PRODUCTS_DIR; };
		7145DC1A29E2E6C0000254D3 /* AppDelegate.swift */ = {isa = PBXFileReference; lastKnownFileType = sourcecode.swift; path = AppDelegate.swift; sourceTree = "<group>"; };
		7145DC1C29E2E6C0000254D3 /* SceneDelegate.swift */ = {isa = PBXFileReference; lastKnownFileType = sourcecode.swift; path = SceneDelegate.swift; sourceTree = "<group>"; };
		7145DC1E29E2E6C0000254D3 /* CalculatorViewController.swift */ = {isa = PBXFileReference; lastKnownFileType = sourcecode.swift; path = CalculatorViewController.swift; sourceTree = "<group>"; };
		7145DC2329E2E6C3000254D3 /* Assets.xcassets */ = {isa = PBXFileReference; lastKnownFileType = folder.assetcatalog; path = Assets.xcassets; sourceTree = "<group>"; };
		7145DC2629E2E6C3000254D3 /* Base */ = {isa = PBXFileReference; lastKnownFileType = file.storyboard; name = Base; path = Base.lproj/LaunchScreen.storyboard; sourceTree = "<group>"; };
		7145DC2829E2E6C3000254D3 /* Info.plist */ = {isa = PBXFileReference; lastKnownFileType = text.plist.xml; path = Info.plist; sourceTree = "<group>"; };
		7145DC2D29E2E6C3000254D3 /* tip-calculatorTests.xctest */ = {isa = PBXFileReference; explicitFileType = wrapper.cfbundle; includeInIndex = 0; path = "tip-calculatorTests.xctest"; sourceTree = BUILT_PRODUCTS_DIR; };
		7145DC3129E2E6C3000254D3 /* tip_calculatorTests.swift */ = {isa = PBXFileReference; lastKnownFileType = sourcecode.swift; path = tip_calculatorTests.swift; sourceTree = "<group>"; };
		7145DC3729E2E6C3000254D3 /* tip-calculatorUITests.xctest */ = {isa = PBXFileReference; explicitFileType = wrapper.cfbundle; includeInIndex = 0; path = "tip-calculatorUITests.xctest"; sourceTree = BUILT_PRODUCTS_DIR; };
		7145DC3B29E2E6C3000254D3 /* tip_calculatorUITests.swift */ = {isa = PBXFileReference; lastKnownFileType = sourcecode.swift; path = tip_calculatorUITests.swift; sourceTree = "<group>"; };
		7145DC3D29E2E6C3000254D3 /* tip_calculatorUITestsLaunchTests.swift */ = {isa = PBXFileReference; lastKnownFileType = sourcecode.swift; path = tip_calculatorUITestsLaunchTests.swift; sourceTree = "<group>"; };
		715B09D729E42D6000F6293E /* CalculatorViewModel.swift */ = {isa = PBXFileReference; lastKnownFileType = sourcecode.swift; path = CalculatorViewModel.swift; sourceTree = "<group>"; };
		715B09D929E42E3B00F6293E /* Result.swift */ = {isa = PBXFileReference; lastKnownFileType = sourcecode.swift; path = Result.swift; sourceTree = "<group>"; };
		71D8B48B29E353E4008D2E0F /* Tip.swift */ = {isa = PBXFileReference; lastKnownFileType = sourcecode.swift; path = Tip.swift; sourceTree = "<group>"; };
		71F6EF9429E2EFDA00B4C15A /* ViewConfiguration.swift */ = {isa = PBXFileReference; lastKnownFileType = sourcecode.swift; path = ViewConfiguration.swift; sourceTree = "<group>"; };
		71F6EF9729E2EFEF00B4C15A /* UIView+Constraints.swift */ = {isa = PBXFileReference; lastKnownFileType = sourcecode.swift; path = "UIView+Constraints.swift"; sourceTree = "<group>"; };
		71F6EF9A29E2F0A200B4C15A /* LogoView.swift */ = {isa = PBXFileReference; lastKnownFileType = sourcecode.swift; path = LogoView.swift; sourceTree = "<group>"; };
		71F6EF9C29E2F16B00B4C15A /* ResultView.swift */ = {isa = PBXFileReference; lastKnownFileType = sourcecode.swift; path = ResultView.swift; sourceTree = "<group>"; };
		71F6EF9E29E2F18E00B4C15A /* BillInputView.swift */ = {isa = PBXFileReference; lastKnownFileType = sourcecode.swift; path = BillInputView.swift; sourceTree = "<group>"; };
		71F6EFA029E2F1A300B4C15A /* TipInputView.swift */ = {isa = PBXFileReference; lastKnownFileType = sourcecode.swift; path = TipInputView.swift; sourceTree = "<group>"; };
		71F6EFA229E2F1BE00B4C15A /* SplitInputView.swift */ = {isa = PBXFileReference; lastKnownFileType = sourcecode.swift; path = SplitInputView.swift; sourceTree = "<group>"; };
		71F6EFA529E2F7F000B4C15A /* ThemeColor.swift */ = {isa = PBXFileReference; lastKnownFileType = sourcecode.swift; path = ThemeColor.swift; sourceTree = "<group>"; };
		71F6EFA729E2F7F600B4C15A /* ThemeFont.swift */ = {isa = PBXFileReference; lastKnownFileType = sourcecode.swift; path = ThemeFont.swift; sourceTree = "<group>"; };
		71F6EFA929E2F82600B4C15A /* UIColor+Extensions.swift */ = {isa = PBXFileReference; lastKnownFileType = sourcecode.swift; path = "UIColor+Extensions.swift"; sourceTree = "<group>"; };
		71F6EFAE29E2FED900B4C15A /* LabelFactory.swift */ = {isa = PBXFileReference; lastKnownFileType = sourcecode.swift; path = LabelFactory.swift; sourceTree = "<group>"; };
		71F6EFB029E30D6B00B4C15A /* AmountView.swift */ = {isa = PBXFileReference; lastKnownFileType = sourcecode.swift; path = AmountView.swift; sourceTree = "<group>"; };
		71F6EFB229E3121400B4C15A /* UIView+Extensions.swift */ = {isa = PBXFileReference; lastKnownFileType = sourcecode.swift; path = "UIView+Extensions.swift"; sourceTree = "<group>"; };
		71F6EFB429E31D9500B4C15A /* HeaderView.swift */ = {isa = PBXFileReference; lastKnownFileType = sourcecode.swift; path = HeaderView.swift; sourceTree = "<group>"; };
/* End PBXFileReference section */

/* Begin PBXFrameworksBuildPhase section */
		7145DC1429E2E6C0000254D3 /* Frameworks */ = {
			isa = PBXFrameworksBuildPhase;
			buildActionMask = 2147483647;
			files = (
				71F6EF8A29E2EF3500B4C15A /* CombineCocoa in Frameworks */,
			);
			runOnlyForDeploymentPostprocessing = 0;
		};
		7145DC2A29E2E6C3000254D3 /* Frameworks */ = {
			isa = PBXFrameworksBuildPhase;
			buildActionMask = 2147483647;
			files = (
				71F6EF8D29E2EF4400B4C15A /* CombineCocoa in Frameworks */,
				71F6EF9029E2EF5D00B4C15A /* SnapshotTesting in Frameworks */,
			);
			runOnlyForDeploymentPostprocessing = 0;
		};
		7145DC3429E2E6C3000254D3 /* Frameworks */ = {
			isa = PBXFrameworksBuildPhase;
			buildActionMask = 2147483647;
			files = (
				71F6EF9229E2EF6900B4C15A /* CombineCocoa in Frameworks */,
			);
			runOnlyForDeploymentPostprocessing = 0;
		};
/* End PBXFrameworksBuildPhase section */

/* Begin PBXGroup section */
		7145DC0E29E2E6C0000254D3 = {
			isa = PBXGroup;
			children = (
				7145DC1929E2E6C0000254D3 /* tip-calculator */,
				7145DC3029E2E6C3000254D3 /* tip-calculatorTests */,
				7145DC3A29E2E6C3000254D3 /* tip-calculatorUITests */,
				7145DC1829E2E6C0000254D3 /* Products */,
				71F6EF8B29E2EF4400B4C15A /* Frameworks */,
			);
			sourceTree = "<group>";
		};
		7145DC1829E2E6C0000254D3 /* Products */ = {
			isa = PBXGroup;
			children = (
				7145DC1729E2E6C0000254D3 /* tip-calculator.app */,
				7145DC2D29E2E6C3000254D3 /* tip-calculatorTests.xctest */,
				7145DC3729E2E6C3000254D3 /* tip-calculatorUITests.xctest */,
			);
			name = Products;
			sourceTree = "<group>";
		};
		7145DC1929E2E6C0000254D3 /* tip-calculator */ = {
			isa = PBXGroup;
			children = (
				715B09D629E42D4F00F6293E /* ViewModel */,
				71D8B48A29E353D8008D2E0F /* Model */,
				71F6EFAD29E2FECE00B4C15A /* Factory */,
				71F6EFA429E2F7E400B4C15A /* Config */,
				71F6EF9929E2F09C00B4C15A /* Views */,
				71F6EF9629E2EFE700B4C15A /* Extensions */,
				71F6EF9329E2EFD200B4C15A /* Protocols */,
				7145DC1A29E2E6C0000254D3 /* AppDelegate.swift */,
				7145DC1C29E2E6C0000254D3 /* SceneDelegate.swift */,
				7145DC1E29E2E6C0000254D3 /* CalculatorViewController.swift */,
				7145DC2329E2E6C3000254D3 /* Assets.xcassets */,
				7145DC2529E2E6C3000254D3 /* LaunchScreen.storyboard */,
				7145DC2829E2E6C3000254D3 /* Info.plist */,
			);
			path = "tip-calculator";
			sourceTree = "<group>";
		};
		7145DC3029E2E6C3000254D3 /* tip-calculatorTests */ = {
			isa = PBXGroup;
			children = (
				7145DC3129E2E6C3000254D3 /* tip_calculatorTests.swift */,
			);
			path = "tip-calculatorTests";
			sourceTree = "<group>";
		};
		7145DC3A29E2E6C3000254D3 /* tip-calculatorUITests */ = {
			isa = PBXGroup;
			children = (
				7145DC3B29E2E6C3000254D3 /* tip_calculatorUITests.swift */,
				7145DC3D29E2E6C3000254D3 /* tip_calculatorUITestsLaunchTests.swift */,
			);
			path = "tip-calculatorUITests";
			sourceTree = "<group>";
		};
		715B09D629E42D4F00F6293E /* ViewModel */ = {
			isa = PBXGroup;
			children = (
				715B09D729E42D6000F6293E /* CalculatorViewModel.swift */,
			);
			path = ViewModel;
			sourceTree = "<group>";
		};
		71D8B48A29E353D8008D2E0F /* Model */ = {
			isa = PBXGroup;
			children = (
				71D8B48B29E353E4008D2E0F /* Tip.swift */,
				715B09D929E42E3B00F6293E /* Result.swift */,
			);
			path = Model;
			sourceTree = "<group>";
		};
		71F6EF8B29E2EF4400B4C15A /* Frameworks */ = {
			isa = PBXGroup;
			children = (
			);
			name = Frameworks;
			sourceTree = "<group>";
		};
		71F6EF9329E2EFD200B4C15A /* Protocols */ = {
			isa = PBXGroup;
			children = (
				71F6EF9429E2EFDA00B4C15A /* ViewConfiguration.swift */,
			);
			path = Protocols;
			sourceTree = "<group>";
		};
		71F6EF9629E2EFE700B4C15A /* Extensions */ = {
			isa = PBXGroup;
			children = (
				71F6EF9729E2EFEF00B4C15A /* UIView+Constraints.swift */,
				71F6EFA929E2F82600B4C15A /* UIColor+Extensions.swift */,
				71F6EFB229E3121400B4C15A /* UIView+Extensions.swift */,
			);
			path = Extensions;
			sourceTree = "<group>";
		};
		71F6EF9929E2F09C00B4C15A /* Views */ = {
			isa = PBXGroup;
			children = (
				71F6EF9A29E2F0A200B4C15A /* LogoView.swift */,
				71F6EF9C29E2F16B00B4C15A /* ResultView.swift */,
				71F6EF9E29E2F18E00B4C15A /* BillInputView.swift */,
				71F6EFA029E2F1A300B4C15A /* TipInputView.swift */,
				71F6EFA229E2F1BE00B4C15A /* SplitInputView.swift */,
				71F6EFB029E30D6B00B4C15A /* AmountView.swift */,
				71F6EFB429E31D9500B4C15A /* HeaderView.swift */,
			);
			path = Views;
			sourceTree = "<group>";
		};
		71F6EFA429E2F7E400B4C15A /* Config */ = {
			isa = PBXGroup;
			children = (
				71F6EFA529E2F7F000B4C15A /* ThemeColor.swift */,
				71F6EFA729E2F7F600B4C15A /* ThemeFont.swift */,
			);
			path = Config;
			sourceTree = "<group>";
		};
		71F6EFAD29E2FECE00B4C15A /* Factory */ = {
			isa = PBXGroup;
			children = (
				71F6EFAE29E2FED900B4C15A /* LabelFactory.swift */,
			);
			path = Factory;
			sourceTree = "<group>";
		};
/* End PBXGroup section */

/* Begin PBXNativeTarget section */
		7145DC1629E2E6C0000254D3 /* tip-calculator */ = {
			isa = PBXNativeTarget;
			buildConfigurationList = 7145DC4129E2E6C3000254D3 /* Build configuration list for PBXNativeTarget "tip-calculator" */;
			buildPhases = (
				7145DC1329E2E6C0000254D3 /* Sources */,
				7145DC1429E2E6C0000254D3 /* Frameworks */,
				7145DC1529E2E6C0000254D3 /* Resources */,
			);
			buildRules = (
			);
			dependencies = (
			);
			name = "tip-calculator";
			packageProductDependencies = (
				71F6EF8929E2EF3500B4C15A /* CombineCocoa */,
			);
			productName = "tip-calculator";
			productReference = 7145DC1729E2E6C0000254D3 /* tip-calculator.app */;
			productType = "com.apple.product-type.application";
		};
		7145DC2C29E2E6C3000254D3 /* tip-calculatorTests */ = {
			isa = PBXNativeTarget;
			buildConfigurationList = 7145DC4429E2E6C3000254D3 /* Build configuration list for PBXNativeTarget "tip-calculatorTests" */;
			buildPhases = (
				7145DC2929E2E6C3000254D3 /* Sources */,
				7145DC2A29E2E6C3000254D3 /* Frameworks */,
				7145DC2B29E2E6C3000254D3 /* Resources */,
			);
			buildRules = (
			);
			dependencies = (
				7145DC2F29E2E6C3000254D3 /* PBXTargetDependency */,
			);
			name = "tip-calculatorTests";
			packageProductDependencies = (
				71F6EF8C29E2EF4400B4C15A /* CombineCocoa */,
				71F6EF8F29E2EF5D00B4C15A /* SnapshotTesting */,
			);
			productName = "tip-calculatorTests";
			productReference = 7145DC2D29E2E6C3000254D3 /* tip-calculatorTests.xctest */;
			productType = "com.apple.product-type.bundle.unit-test";
		};
		7145DC3629E2E6C3000254D3 /* tip-calculatorUITests */ = {
			isa = PBXNativeTarget;
			buildConfigurationList = 7145DC4729E2E6C3000254D3 /* Build configuration list for PBXNativeTarget "tip-calculatorUITests" */;
			buildPhases = (
				7145DC3329E2E6C3000254D3 /* Sources */,
				7145DC3429E2E6C3000254D3 /* Frameworks */,
				7145DC3529E2E6C3000254D3 /* Resources */,
			);
			buildRules = (
			);
			dependencies = (
				7145DC3929E2E6C3000254D3 /* PBXTargetDependency */,
			);
			name = "tip-calculatorUITests";
			packageProductDependencies = (
				71F6EF9129E2EF6900B4C15A /* CombineCocoa */,
			);
			productName = "tip-calculatorUITests";
			productReference = 7145DC3729E2E6C3000254D3 /* tip-calculatorUITests.xctest */;
			productType = "com.apple.product-type.bundle.ui-testing";
		};
/* End PBXNativeTarget section */

/* Begin PBXProject section */
		7145DC0F29E2E6C0000254D3 /* Project object */ = {
			isa = PBXProject;
			attributes = {
				BuildIndependentTargetsInParallel = 1;
				LastSwiftUpdateCheck = 1340;
				LastUpgradeCheck = 1340;
				TargetAttributes = {
					7145DC1629E2E6C0000254D3 = {
						CreatedOnToolsVersion = 13.4.1;
					};
					7145DC2C29E2E6C3000254D3 = {
						CreatedOnToolsVersion = 13.4.1;
						TestTargetID = 7145DC1629E2E6C0000254D3;
					};
					7145DC3629E2E6C3000254D3 = {
						CreatedOnToolsVersion = 13.4.1;
						TestTargetID = 7145DC1629E2E6C0000254D3;
					};
				};
			};
			buildConfigurationList = 7145DC1229E2E6C0000254D3 /* Build configuration list for PBXProject "tip-calculator" */;
			compatibilityVersion = "Xcode 13.0";
			developmentRegion = en;
			hasScannedForEncodings = 0;
			knownRegions = (
				en,
				Base,
			);
			mainGroup = 7145DC0E29E2E6C0000254D3;
			packageReferences = (
				71F6EF8829E2EF3500B4C15A /* XCRemoteSwiftPackageReference "CombineCocoa" */,
				71F6EF8E29E2EF5D00B4C15A /* XCRemoteSwiftPackageReference "swift-snapshot-testing" */,
			);
			productRefGroup = 7145DC1829E2E6C0000254D3 /* Products */;
			projectDirPath = "";
			projectRoot = "";
			targets = (
				7145DC1629E2E6C0000254D3 /* tip-calculator */,
				7145DC2C29E2E6C3000254D3 /* tip-calculatorTests */,
				7145DC3629E2E6C3000254D3 /* tip-calculatorUITests */,
			);
		};
/* End PBXProject section */

/* Begin PBXResourcesBuildPhase section */
		7145DC1529E2E6C0000254D3 /* Resources */ = {
			isa = PBXResourcesBuildPhase;
			buildActionMask = 2147483647;
			files = (
				7145DC2729E2E6C3000254D3 /* LaunchScreen.storyboard in Resources */,
				7145DC2429E2E6C3000254D3 /* Assets.xcassets in Resources */,
			);
			runOnlyForDeploymentPostprocessing = 0;
		};
		7145DC2B29E2E6C3000254D3 /* Resources */ = {
			isa = PBXResourcesBuildPhase;
			buildActionMask = 2147483647;
			files = (
			);
			runOnlyForDeploymentPostprocessing = 0;
		};
		7145DC3529E2E6C3000254D3 /* Resources */ = {
			isa = PBXResourcesBuildPhase;
			buildActionMask = 2147483647;
			files = (
			);
			runOnlyForDeploymentPostprocessing = 0;
		};
/* End PBXResourcesBuildPhase section */

/* Begin PBXSourcesBuildPhase section */
		7145DC1329E2E6C0000254D3 /* Sources */ = {
			isa = PBXSourcesBuildPhase;
			buildActionMask = 2147483647;
			files = (
				71F6EFA829E2F7F600B4C15A /* ThemeFont.swift in Sources */,
				7145DC1F29E2E6C0000254D3 /* CalculatorViewController.swift in Sources */,
				71F6EFB329E3121400B4C15A /* UIView+Extensions.swift in Sources */,
				71F6EF9B29E2F0A200B4C15A /* LogoView.swift in Sources */,
				71F6EFAF29E2FED900B4C15A /* LabelFactory.swift in Sources */,
				71F6EFAA29E2F82600B4C15A /* UIColor+Extensions.swift in Sources */,
				715B09DA29E42E3B00F6293E /* Result.swift in Sources */,
				71F6EFB529E31D9500B4C15A /* HeaderView.swift in Sources */,
				71F6EF9529E2EFDA00B4C15A /* ViewConfiguration.swift in Sources */,
				7145DC1B29E2E6C0000254D3 /* AppDelegate.swift in Sources */,
				715B09D829E42D6000F6293E /* CalculatorViewModel.swift in Sources */,
				71F6EFA329E2F1BE00B4C15A /* SplitInputView.swift in Sources */,
				71F6EFA129E2F1A300B4C15A /* TipInputView.swift in Sources */,
				71F6EFA629E2F7F000B4C15A /* ThemeColor.swift in Sources */,
				71F6EF9F29E2F18E00B4C15A /* BillInputView.swift in Sources */,
				71F6EFB129E30D6B00B4C15A /* AmountView.swift in Sources */,
				71F6EF9829E2EFEF00B4C15A /* UIView+Constraints.swift in Sources */,
				71D8B48C29E353E4008D2E0F /* Tip.swift in Sources */,
				71F6EF9D29E2F16B00B4C15A /* ResultView.swift in Sources */,
				7145DC1D29E2E6C0000254D3 /* SceneDelegate.swift in Sources */,
			);
			runOnlyForDeploymentPostprocessing = 0;
		};
		7145DC2929E2E6C3000254D3 /* Sources */ = {
			isa = PBXSourcesBuildPhase;
			buildActionMask = 2147483647;
			files = (
				7145DC3229E2E6C3000254D3 /* tip_calculatorTests.swift in Sources */,
			);
			runOnlyForDeploymentPostprocessing = 0;
		};
		7145DC3329E2E6C3000254D3 /* Sources */ = {
			isa = PBXSourcesBuildPhase;
			buildActionMask = 2147483647;
			files = (
				7145DC3E29E2E6C3000254D3 /* tip_calculatorUITestsLaunchTests.swift in Sources */,
				7145DC3C29E2E6C3000254D3 /* tip_calculatorUITests.swift in Sources */,
			);
			runOnlyForDeploymentPostprocessing = 0;
		};
/* End PBXSourcesBuildPhase section */

/* Begin PBXTargetDependency section */
		7145DC2F29E2E6C3000254D3 /* PBXTargetDependency */ = {
			isa = PBXTargetDependency;
			target = 7145DC1629E2E6C0000254D3 /* tip-calculator */;
			targetProxy = 7145DC2E29E2E6C3000254D3 /* PBXContainerItemProxy */;
		};
		7145DC3929E2E6C3000254D3 /* PBXTargetDependency */ = {
			isa = PBXTargetDependency;
			target = 7145DC1629E2E6C0000254D3 /* tip-calculator */;
			targetProxy = 7145DC3829E2E6C3000254D3 /* PBXContainerItemProxy */;
		};
/* End PBXTargetDependency section */

/* Begin PBXVariantGroup section */
		7145DC2529E2E6C3000254D3 /* LaunchScreen.storyboard */ = {
			isa = PBXVariantGroup;
			children = (
				7145DC2629E2E6C3000254D3 /* Base */,
			);
			name = LaunchScreen.storyboard;
			sourceTree = "<group>";
		};
/* End PBXVariantGroup section */

/* Begin XCBuildConfiguration section */
		7145DC3F29E2E6C3000254D3 /* Debug */ = {
			isa = XCBuildConfiguration;
			buildSettings = {
				ALWAYS_SEARCH_USER_PATHS = NO;
				CLANG_ANALYZER_NONNULL = YES;
				CLANG_ANALYZER_NUMBER_OBJECT_CONVERSION = YES_AGGRESSIVE;
				CLANG_CXX_LANGUAGE_STANDARD = "gnu++17";
				CLANG_ENABLE_MODULES = YES;
				CLANG_ENABLE_OBJC_ARC = YES;
				CLANG_ENABLE_OBJC_WEAK = YES;
				CLANG_WARN_BLOCK_CAPTURE_AUTORELEASING = YES;
				CLANG_WARN_BOOL_CONVERSION = YES;
				CLANG_WARN_COMMA = YES;
				CLANG_WARN_CONSTANT_CONVERSION = YES;
				CLANG_WARN_DEPRECATED_OBJC_IMPLEMENTATIONS = YES;
				CLANG_WARN_DIRECT_OBJC_ISA_USAGE = YES_ERROR;
				CLANG_WARN_DOCUMENTATION_COMMENTS = YES;
				CLANG_WARN_EMPTY_BODY = YES;
				CLANG_WARN_ENUM_CONVERSION = YES;
				CLANG_WARN_INFINITE_RECURSION = YES;
				CLANG_WARN_INT_CONVERSION = YES;
				CLANG_WARN_NON_LITERAL_NULL_CONVERSION = YES;
				CLANG_WARN_OBJC_IMPLICIT_RETAIN_SELF = YES;
				CLANG_WARN_OBJC_LITERAL_CONVERSION = YES;
				CLANG_WARN_OBJC_ROOT_CLASS = YES_ERROR;
				CLANG_WARN_QUOTED_INCLUDE_IN_FRAMEWORK_HEADER = YES;
				CLANG_WARN_RANGE_LOOP_ANALYSIS = YES;
				CLANG_WARN_STRICT_PROTOTYPES = YES;
				CLANG_WARN_SUSPICIOUS_MOVE = YES;
				CLANG_WARN_UNGUARDED_AVAILABILITY = YES_AGGRESSIVE;
				CLANG_WARN_UNREACHABLE_CODE = YES;
				CLANG_WARN__DUPLICATE_METHOD_MATCH = YES;
				COPY_PHASE_STRIP = NO;
				DEBUG_INFORMATION_FORMAT = dwarf;
				ENABLE_STRICT_OBJC_MSGSEND = YES;
				ENABLE_TESTABILITY = YES;
				GCC_C_LANGUAGE_STANDARD = gnu11;
				GCC_DYNAMIC_NO_PIC = NO;
				GCC_NO_COMMON_BLOCKS = YES;
				GCC_OPTIMIZATION_LEVEL = 0;
				GCC_PREPROCESSOR_DEFINITIONS = (
					"DEBUG=1",
					"$(inherited)",
				);
				GCC_WARN_64_TO_32_BIT_CONVERSION = YES;
				GCC_WARN_ABOUT_RETURN_TYPE = YES_ERROR;
				GCC_WARN_UNDECLARED_SELECTOR = YES;
				GCC_WARN_UNINITIALIZED_AUTOS = YES_AGGRESSIVE;
				GCC_WARN_UNUSED_FUNCTION = YES;
				GCC_WARN_UNUSED_VARIABLE = YES;
				IPHONEOS_DEPLOYMENT_TARGET = 15.5;
				MTL_ENABLE_DEBUG_INFO = INCLUDE_SOURCE;
				MTL_FAST_MATH = YES;
				ONLY_ACTIVE_ARCH = YES;
				SDKROOT = iphoneos;
				SWIFT_ACTIVE_COMPILATION_CONDITIONS = DEBUG;
				SWIFT_OPTIMIZATION_LEVEL = "-Onone";
			};
			name = Debug;
		};
		7145DC4029E2E6C3000254D3 /* Release */ = {
			isa = XCBuildConfiguration;
			buildSettings = {
				ALWAYS_SEARCH_USER_PATHS = NO;
				CLANG_ANALYZER_NONNULL = YES;
				CLANG_ANALYZER_NUMBER_OBJECT_CONVERSION = YES_AGGRESSIVE;
				CLANG_CXX_LANGUAGE_STANDARD = "gnu++17";
				CLANG_ENABLE_MODULES = YES;
				CLANG_ENABLE_OBJC_ARC = YES;
				CLANG_ENABLE_OBJC_WEAK = YES;
				CLANG_WARN_BLOCK_CAPTURE_AUTORELEASING = YES;
				CLANG_WARN_BOOL_CONVERSION = YES;
				CLANG_WARN_COMMA = YES;
				CLANG_WARN_CONSTANT_CONVERSION = YES;
				CLANG_WARN_DEPRECATED_OBJC_IMPLEMENTATIONS = YES;
				CLANG_WARN_DIRECT_OBJC_ISA_USAGE = YES_ERROR;
				CLANG_WARN_DOCUMENTATION_COMMENTS = YES;
				CLANG_WARN_EMPTY_BODY = YES;
				CLANG_WARN_ENUM_CONVERSION = YES;
				CLANG_WARN_INFINITE_RECURSION = YES;
				CLANG_WARN_INT_CONVERSION = YES;
				CLANG_WARN_NON_LITERAL_NULL_CONVERSION = YES;
				CLANG_WARN_OBJC_IMPLICIT_RETAIN_SELF = YES;
				CLANG_WARN_OBJC_LITERAL_CONVERSION = YES;
				CLANG_WARN_OBJC_ROOT_CLASS = YES_ERROR;
				CLANG_WARN_QUOTED_INCLUDE_IN_FRAMEWORK_HEADER = YES;
				CLANG_WARN_RANGE_LOOP_ANALYSIS = YES;
				CLANG_WARN_STRICT_PROTOTYPES = YES;
				CLANG_WARN_SUSPICIOUS_MOVE = YES;
				CLANG_WARN_UNGUARDED_AVAILABILITY = YES_AGGRESSIVE;
				CLANG_WARN_UNREACHABLE_CODE = YES;
				CLANG_WARN__DUPLICATE_METHOD_MATCH = YES;
				COPY_PHASE_STRIP = NO;
				DEBUG_INFORMATION_FORMAT = "dwarf-with-dsym";
				ENABLE_NS_ASSERTIONS = NO;
				ENABLE_STRICT_OBJC_MSGSEND = YES;
				GCC_C_LANGUAGE_STANDARD = gnu11;
				GCC_NO_COMMON_BLOCKS = YES;
				GCC_WARN_64_TO_32_BIT_CONVERSION = YES;
				GCC_WARN_ABOUT_RETURN_TYPE = YES_ERROR;
				GCC_WARN_UNDECLARED_SELECTOR = YES;
				GCC_WARN_UNINITIALIZED_AUTOS = YES_AGGRESSIVE;
				GCC_WARN_UNUSED_FUNCTION = YES;
				GCC_WARN_UNUSED_VARIABLE = YES;
				IPHONEOS_DEPLOYMENT_TARGET = 15.5;
				MTL_ENABLE_DEBUG_INFO = NO;
				MTL_FAST_MATH = YES;
				SDKROOT = iphoneos;
				SWIFT_COMPILATION_MODE = wholemodule;
				SWIFT_OPTIMIZATION_LEVEL = "-O";
				VALIDATE_PRODUCT = YES;
			};
			name = Release;
		};
		7145DC4229E2E6C3000254D3 /* Debug */ = {
			isa = XCBuildConfiguration;
			buildSettings = {
				ASSETCATALOG_COMPILER_APPICON_NAME = AppIcon;
				ASSETCATALOG_COMPILER_GLOBAL_ACCENT_COLOR_NAME = AccentColor;
				CODE_SIGN_STYLE = Automatic;
				CURRENT_PROJECT_VERSION = 1;
				GENERATE_INFOPLIST_FILE = YES;
				INFOPLIST_FILE = "tip-calculator/Info.plist";
				INFOPLIST_KEY_UIApplicationSupportsIndirectInputEvents = YES;
				INFOPLIST_KEY_UILaunchStoryboardName = LaunchScreen;
				INFOPLIST_KEY_UISupportedInterfaceOrientations_iPad = "UIInterfaceOrientationPortrait UIInterfaceOrientationPortraitUpsideDown UIInterfaceOrientationLandscapeLeft UIInterfaceOrientationLandscapeRight";
				INFOPLIST_KEY_UISupportedInterfaceOrientations_iPhone = "UIInterfaceOrientationPortrait UIInterfaceOrientationLandscapeLeft UIInterfaceOrientationLandscapeRight";
				LD_RUNPATH_SEARCH_PATHS = (
					"$(inherited)",
					"@executable_path/Frameworks",
				);
				MARKETING_VERSION = 1.0;
				PRODUCT_BUNDLE_IDENTIFIER = "PersonalAccount.tip-calculator";
				PRODUCT_NAME = "$(TARGET_NAME)";
				SWIFT_EMIT_LOC_STRINGS = YES;
				SWIFT_VERSION = 5.0;
				TARGETED_DEVICE_FAMILY = "1,2";
			};
			name = Debug;
		};
		7145DC4329E2E6C3000254D3 /* Release */ = {
			isa = XCBuildConfiguration;
			buildSettings = {
				ASSETCATALOG_COMPILER_APPICON_NAME = AppIcon;
				ASSETCATALOG_COMPILER_GLOBAL_ACCENT_COLOR_NAME = AccentColor;
				CODE_SIGN_STYLE = Automatic;
				CURRENT_PROJECT_VERSION = 1;
				GENERATE_INFOPLIST_FILE = YES;
				INFOPLIST_FILE = "tip-calculator/Info.plist";
				INFOPLIST_KEY_UIApplicationSupportsIndirectInputEvents = YES;
				INFOPLIST_KEY_UILaunchStoryboardName = LaunchScreen;
				INFOPLIST_KEY_UISupportedInterfaceOrientations_iPad = "UIInterfaceOrientationPortrait UIInterfaceOrientationPortraitUpsideDown UIInterfaceOrientationLandscapeLeft UIInterfaceOrientationLandscapeRight";
				INFOPLIST_KEY_UISupportedInterfaceOrientations_iPhone = "UIInterfaceOrientationPortrait UIInterfaceOrientationLandscapeLeft UIInterfaceOrientationLandscapeRight";
				LD_RUNPATH_SEARCH_PATHS = (
					"$(inherited)",
					"@executable_path/Frameworks",
				);
				MARKETING_VERSION = 1.0;
				PRODUCT_BUNDLE_IDENTIFIER = "PersonalAccount.tip-calculator";
				PRODUCT_NAME = "$(TARGET_NAME)";
				SWIFT_EMIT_LOC_STRINGS = YES;
				SWIFT_VERSION = 5.0;
				TARGETED_DEVICE_FAMILY = "1,2";
			};
			name = Release;
		};
		7145DC4529E2E6C3000254D3 /* Debug */ = {
			isa = XCBuildConfiguration;
			buildSettings = {
				ALWAYS_EMBED_SWIFT_STANDARD_LIBRARIES = YES;
				BUNDLE_LOADER = "$(TEST_HOST)";
				CODE_SIGN_STYLE = Automatic;
				CURRENT_PROJECT_VERSION = 1;
				GENERATE_INFOPLIST_FILE = YES;
				IPHONEOS_DEPLOYMENT_TARGET = 15.5;
				MARKETING_VERSION = 1.0;
				PRODUCT_BUNDLE_IDENTIFIER = "PersonalAccount.tip-calculatorTests";
				PRODUCT_NAME = "$(TARGET_NAME)";
				SWIFT_EMIT_LOC_STRINGS = NO;
				SWIFT_VERSION = 5.0;
				TARGETED_DEVICE_FAMILY = "1,2";
				TEST_HOST = "$(BUILT_PRODUCTS_DIR)/tip-calculator.app/tip-calculator";
			};
			name = Debug;
		};
		7145DC4629E2E6C3000254D3 /* Release */ = {
			isa = XCBuildConfiguration;
			buildSettings = {
				ALWAYS_EMBED_SWIFT_STANDARD_LIBRARIES = YES;
				BUNDLE_LOADER = "$(TEST_HOST)";
				CODE_SIGN_STYLE = Automatic;
				CURRENT_PROJECT_VERSION = 1;
				GENERATE_INFOPLIST_FILE = YES;
				IPHONEOS_DEPLOYMENT_TARGET = 15.5;
				MARKETING_VERSION = 1.0;
				PRODUCT_BUNDLE_IDENTIFIER = "PersonalAccount.tip-calculatorTests";
				PRODUCT_NAME = "$(TARGET_NAME)";
				SWIFT_EMIT_LOC_STRINGS = NO;
				SWIFT_VERSION = 5.0;
				TARGETED_DEVICE_FAMILY = "1,2";
				TEST_HOST = "$(BUILT_PRODUCTS_DIR)/tip-calculator.app/tip-calculator";
			};
			name = Release;
		};
		7145DC4829E2E6C3000254D3 /* Debug */ = {
			isa = XCBuildConfiguration;
			buildSettings = {
				ALWAYS_EMBED_SWIFT_STANDARD_LIBRARIES = YES;
				CODE_SIGN_STYLE = Automatic;
				CURRENT_PROJECT_VERSION = 1;
				GENERATE_INFOPLIST_FILE = YES;
				MARKETING_VERSION = 1.0;
				PRODUCT_BUNDLE_IDENTIFIER = "PersonalAccount.tip-calculatorUITests";
				PRODUCT_NAME = "$(TARGET_NAME)";
				SWIFT_EMIT_LOC_STRINGS = NO;
				SWIFT_VERSION = 5.0;
				TARGETED_DEVICE_FAMILY = "1,2";
				TEST_TARGET_NAME = "tip-calculator";
			};
			name = Debug;
		};
		7145DC4929E2E6C3000254D3 /* Release */ = {
			isa = XCBuildConfiguration;
			buildSettings = {
				ALWAYS_EMBED_SWIFT_STANDARD_LIBRARIES = YES;
				CODE_SIGN_STYLE = Automatic;
				CURRENT_PROJECT_VERSION = 1;
				GENERATE_INFOPLIST_FILE = YES;
				MARKETING_VERSION = 1.0;
				PRODUCT_BUNDLE_IDENTIFIER = "PersonalAccount.tip-calculatorUITests";
				PRODUCT_NAME = "$(TARGET_NAME)";
				SWIFT_EMIT_LOC_STRINGS = NO;
				SWIFT_VERSION = 5.0;
				TARGETED_DEVICE_FAMILY = "1,2";
				TEST_TARGET_NAME = "tip-calculator";
			};
			name = Release;
		};
/* End XCBuildConfiguration section */

/* Begin XCConfigurationList section */
		7145DC1229E2E6C0000254D3 /* Build configuration list for PBXProject "tip-calculator" */ = {
			isa = XCConfigurationList;
			buildConfigurations = (
				7145DC3F29E2E6C3000254D3 /* Debug */,
				7145DC4029E2E6C3000254D3 /* Release */,
			);
			defaultConfigurationIsVisible = 0;
			defaultConfigurationName = Release;
		};
		7145DC4129E2E6C3000254D3 /* Build configuration list for PBXNativeTarget "tip-calculator" */ = {
			isa = XCConfigurationList;
			buildConfigurations = (
				7145DC4229E2E6C3000254D3 /* Debug */,
				7145DC4329E2E6C3000254D3 /* Release */,
			);
			defaultConfigurationIsVisible = 0;
			defaultConfigurationName = Release;
		};
		7145DC4429E2E6C3000254D3 /* Build configuration list for PBXNativeTarget "tip-calculatorTests" */ = {
			isa = XCConfigurationList;
			buildConfigurations = (
				7145DC4529E2E6C3000254D3 /* Debug */,
				7145DC4629E2E6C3000254D3 /* Release */,
			);
			defaultConfigurationIsVisible = 0;
			defaultConfigurationName = Release;
		};
		7145DC4729E2E6C3000254D3 /* Build configuration list for PBXNativeTarget "tip-calculatorUITests" */ = {
			isa = XCConfigurationList;
			buildConfigurations = (
				7145DC4829E2E6C3000254D3 /* Debug */,
				7145DC4929E2E6C3000254D3 /* Release */,
			);
			defaultConfigurationIsVisible = 0;
			defaultConfigurationName = Release;
		};
/* End XCConfigurationList section */

/* Begin XCRemoteSwiftPackageReference section */
		71F6EF8829E2EF3500B4C15A /* XCRemoteSwiftPackageReference "CombineCocoa" */ = {
			isa = XCRemoteSwiftPackageReference;
			repositoryURL = "https://github.com/CombineCommunity/CombineCocoa";
			requirement = {
				branch = main;
				kind = branch;
			};
		};
		71F6EF8E29E2EF5D00B4C15A /* XCRemoteSwiftPackageReference "swift-snapshot-testing" */ = {
			isa = XCRemoteSwiftPackageReference;
			repositoryURL = "https://github.com/pointfreeco/swift-snapshot-testing";
			requirement = {
				branch = main;
				kind = branch;
			};
		};
/* End XCRemoteSwiftPackageReference section */

/* Begin XCSwiftPackageProductDependency section */
		71F6EF8929E2EF3500B4C15A /* CombineCocoa */ = {
			isa = XCSwiftPackageProductDependency;
			package = 71F6EF8829E2EF3500B4C15A /* XCRemoteSwiftPackageReference "CombineCocoa" */;
			productName = CombineCocoa;
		};
		71F6EF8C29E2EF4400B4C15A /* CombineCocoa */ = {
			isa = XCSwiftPackageProductDependency;
			package = 71F6EF8829E2EF3500B4C15A /* XCRemoteSwiftPackageReference "CombineCocoa" */;
			productName = CombineCocoa;
		};
		71F6EF8F29E2EF5D00B4C15A /* SnapshotTesting */ = {
			isa = XCSwiftPackageProductDependency;
			package = 71F6EF8E29E2EF5D00B4C15A /* XCRemoteSwiftPackageReference "swift-snapshot-testing" */;
			productName = SnapshotTesting;
		};
		71F6EF9129E2EF6900B4C15A /* CombineCocoa */ = {
			isa = XCSwiftPackageProductDependency;
			package = 71F6EF8829E2EF3500B4C15A /* XCRemoteSwiftPackageReference "CombineCocoa" */;
			productName = CombineCocoa;
		};
/* End XCSwiftPackageProductDependency section */
	};
	rootObject = 7145DC0F29E2E6C0000254D3 /* Project object */;
}
