{
  "pins" : [
    {
      "identity" : "combinecocoa",
      "kind" : "remoteSourceControl",
      "location" : "https://github.com/CombineCommunity/CombineCocoa",
      "state" : {
        "branch" : "main",
        "revision" : "7300c75ff9e072aa7fd0fccefcc88f74aae9bf56"
      }
    },
    {
      "identity" : "swift-snapshot-testing",
      "kind" : "remoteSourceControl",
      "location" : "https://github.com/pointfreeco/swift-snapshot-testing",
      "state" : {
        "branch" : "main",
        "revision" : "f5489a273ddd57239fd68b9889b3b541bdcbfa3a"
      }
    }
  ],
  "version" : 2
}
